
Microsoft Visual Studio Solution File, Format Version 12.00
# Visual Studio Version 17
VisualStudioVersion = 17.5.33502.453
MinimumVisualStudioVersion = 10.0.40219.1
Project("{FAE04EC0-301F-11D3-BF4B-00C04F79EFBC}") = "FlaUI_Common", "FlaUI_Common\FlaUI_Common.csproj", "{65F271AE-094B-4310-B3B7-C8521208F1CC}"
EndProject
Global
	GlobalSection(SolutionConfigurationPlatforms) = preSolution
		Debug|Any CPU = Debug|Any CPU
		Release|Any CPU = Release|Any CPU
	EndGlobalSection
	GlobalSection(ProjectConfigurationPlatforms) = postSolution
		{65F271AE-094B-4310-B3B7-C8521208F1CC}.Debug|Any CPU.ActiveCfg = Debug|Any CPU
		{65F271AE-094B-4310-B3B7-C8521208F1CC}.Debug|Any CPU.Build.0 = Debug|Any CPU
		{65F271AE-094B-4310-B3B7-C8521208F1CC}.Release|Any CPU.ActiveCfg = Release|Any CPU
		{65F271AE-094B-4310-B3B7-C8521208F1CC}.Release|Any CPU.Build.0 = Release|Any CPU
	EndGlobalSection
	GlobalSection(SolutionProperties) = preSolution
		HideSolutionNode = FALSE
	EndGlobalSection
	GlobalSection(ExtensibilityGlobals) = postSolution
		SolutionGuid = {0DC2FD9D-7537-4313-A733-F0D03EB34E62}
	EndGlobalSection
EndGlobal
